// !$*UTF8*$!
{
	archiveVersion = 1;
	classes = {
	};
	objectVersion = 46;
	objects = {

/* Begin PBXBuildFile section */
		AC1D4EDE1F4EB4640011B61F /* exc_bench.cpp in Sources */ = {isa = PBXBuildFile; fileRef = AC1D4EDC1F4EB4640011B61F /* exc_bench.cpp */; };
		AC1D4EE31F4EB6EB0011B61F /* err_extract.cpp in Sources */ = {isa = PBXBuildFile; fileRef = AC1D4EE11F4EB6EB0011B61F /* err_extract.cpp */; };
		ACA240921F4D503C009E3538 /* main.cpp in Sources */ = {isa = PBXBuildFile; fileRef = ACA240911F4D503C009E3538 /* main.cpp */; };
		ACA2409C1F4D64C0009E3538 /* jsexception.cpp in Sources */ = {isa = PBXBuildFile; fileRef = ACA240991F4D646C009E3538 /* jsexception.cpp */; };
/* End PBXBuildFile section */

/* Begin PBXCopyFilesBuildPhase section */
		ACA2408C1F4D503C009E3538 /* CopyFiles */ = {
			isa = PBXCopyFilesBuildPhase;
			buildActionMask = 2147483647;
			dstPath = /usr/share/man/man1/;
			dstSubfolderSpec = 0;
			files = (
			);
			runOnlyForDeploymentPostprocessing = 1;
		};
/* End PBXCopyFilesBuildPhase section */

/* Begin PBXFileReference section */
		AC1D4EDC1F4EB4640011B61F /* exc_bench.cpp */ = {isa = PBXFileReference; fileEncoding = 4; lastKnownFileType = sourcecode.cpp.cpp; path = exc_bench.cpp; sourceTree = "<group>"; };
		AC1D4EDD1F4EB4640011B61F /* exc_bench.hpp */ = {isa = PBXFileReference; fileEncoding = 4; lastKnownFileType = sourcecode.cpp.h; path = exc_bench.hpp; sourceTree = "<group>"; };
		AC1D4EE11F4EB6EB0011B61F /* err_extract.cpp */ = {isa = PBXFileReference; fileEncoding = 4; lastKnownFileType = sourcecode.cpp.cpp; path = err_extract.cpp; sourceTree = "<group>"; };
		AC1D4EE21F4EB6EB0011B61F /* err_extract.hpp */ = {isa = PBXFileReference; fileEncoding = 4; lastKnownFileType = sourcecode.cpp.h; path = err_extract.hpp; sourceTree = "<group>"; };
		ACA2408E1F4D503C009E3538 /* v8proj */ = {isa = PBXFileReference; explicitFileType = "compiled.mach-o.executable"; includeInIndex = 0; path = v8proj; sourceTree = BUILT_PRODUCTS_DIR; };
		ACA240911F4D503C009E3538 /* main.cpp */ = {isa = PBXFileReference; lastKnownFileType = sourcecode.cpp.cpp; path = main.cpp; sourceTree = "<group>"; };
		ACA240991F4D646C009E3538 /* jsexception.cpp */ = {isa = PBXFileReference; fileEncoding = 4; lastKnownFileType = sourcecode.cpp.cpp; path = jsexception.cpp; sourceTree = "<group>"; };
		ACA2409A1F4D646C009E3538 /* jsexception.hpp */ = {isa = PBXFileReference; fileEncoding = 4; lastKnownFileType = sourcecode.cpp.h; path = jsexception.hpp; sourceTree = "<group>"; };
/* End PBXFileReference section */

/* Begin PBXFrameworksBuildPhase section */
		ACA2408B1F4D503C009E3538 /* Frameworks */ = {
			isa = PBXFrameworksBuildPhase;
			buildActionMask = 2147483647;
			files = (
			);
			runOnlyForDeploymentPostprocessing = 0;
		};
/* End PBXFrameworksBuildPhase section */

/* Begin PBXGroup section */
		AC1D4EDF1F4EB68E0011B61F /* include */ = {
			isa = PBXGroup;
			children = (
				AC1D4EE21F4EB6EB0011B61F /* err_extract.hpp */,
				ACA2409A1F4D646C009E3538 /* jsexception.hpp */,
				AC1D4EDD1F4EB4640011B61F /* exc_bench.hpp */,
			);
			name = include;
			sourceTree = "<group>";
		};
		AC1D4EE01F4EB6970011B61F /* src */ = {
			isa = PBXGroup;
			children = (
				ACA240911F4D503C009E3538 /* main.cpp */,
				ACA240991F4D646C009E3538 /* jsexception.cpp */,
				AC1D4EDC1F4EB4640011B61F /* exc_bench.cpp */,
				AC1D4EE11F4EB6EB0011B61F /* err_extract.cpp */,
			);
			name = src;
			sourceTree = "<group>";
		};
		ACA240851F4D503C009E3538 = {
			isa = PBXGroup;
			children = (
				ACA240901F4D503C009E3538 /* v8proj */,
				ACA2408F1F4D503C009E3538 /* Products */,
			);
			sourceTree = "<group>";
		};
		ACA2408F1F4D503C009E3538 /* Products */ = {
			isa = PBXGroup;
			children = (
				ACA2408E1F4D503C009E3538 /* v8proj */,
			);
			name = Products;
			sourceTree = "<group>";
		};
		ACA240901F4D503C009E3538 /* v8proj */ = {
			isa = PBXGroup;
			children = (
				AC1D4EE01F4EB6970011B61F /* src */,
				AC1D4EDF1F4EB68E0011B61F /* include */,
			);
			path = v8proj;
			sourceTree = "<group>";
		};
/* End PBXGroup section */

/* Begin PBXNativeTarget section */
		ACA2408D1F4D503C009E3538 /* v8proj */ = {
			isa = PBXNativeTarget;
			buildConfigurationList = ACA240951F4D503C009E3538 /* Build configuration list for PBXNativeTarget "v8proj" */;
			buildPhases = (
				ACA2408A1F4D503C009E3538 /* Sources */,
				ACA2408B1F4D503C009E3538 /* Frameworks */,
				ACA2408C1F4D503C009E3538 /* CopyFiles */,
				ACA240981F4D52A3009E3538 /* ShellScript */,
			);
			buildRules = (
			);
			dependencies = (
			);
			name = v8proj;
			productName = v8proj;
			productReference = ACA2408E1F4D503C009E3538 /* v8proj */;
			productType = "com.apple.product-type.tool";
		};
/* End PBXNativeTarget section */

/* Begin PBXProject section */
		ACA240861F4D503C009E3538 /* Project object */ = {
			isa = PBXProject;
			attributes = {
				LastUpgradeCheck = 0830;
				ORGANIZATIONNAME = Couchbase;
				TargetAttributes = {
					ACA2408D1F4D503C009E3538 = {
						CreatedOnToolsVersion = 8.3.3;
						ProvisioningStyle = Automatic;
					};
				};
			};
			buildConfigurationList = ACA240891F4D503C009E3538 /* Build configuration list for PBXProject "v8proj" */;
			compatibilityVersion = "Xcode 3.2";
			developmentRegion = English;
			hasScannedForEncodings = 0;
			knownRegions = (
				en,
			);
			mainGroup = ACA240851F4D503C009E3538;
			productRefGroup = ACA2408F1F4D503C009E3538 /* Products */;
			projectDirPath = "";
			projectRoot = "";
			targets = (
				ACA2408D1F4D503C009E3538 /* v8proj */,
			);
		};
/* End PBXProject section */

/* Begin PBXShellScriptBuildPhase section */
		ACA240981F4D52A3009E3538 /* ShellScript */ = {
			isa = PBXShellScriptBuildPhase;
			buildActionMask = 2147483647;
			files = (
			);
			inputPaths = (
			);
			outputPaths = (
			);
			runOnlyForDeploymentPostprocessing = 0;
			shellPath = /bin/sh;
			shellScript = "install_name_tool -change @rpath/libv8.dylib ~/.cbdepscache/lib/libv8.dylib $BUILD_ROOT/Debug/${TARGET_NAME}\ninstall_name_tool -change @rpath/libicui18n.56.1.dylib ~/.cbdepscache/lib/libicui18n.56.1.dylib $BUILD_ROOT/Debug/${TARGET_NAME}\ninstall_name_tool -change @rpath/libicuuc.56.1.dylib ~/.cbdepscache/lib/libicuuc.56.1.dylib $BUILD_ROOT/Debug/${TARGET_NAME}";
		};
/* End PBXShellScriptBuildPhase section */

/* Begin PBXSourcesBuildPhase section */
		ACA2408A1F4D503C009E3538 /* Sources */ = {
			isa = PBXSourcesBuildPhase;
			buildActionMask = 2147483647;
			files = (
				ACA240921F4D503C009E3538 /* main.cpp in Sources */,
				ACA2409C1F4D64C0009E3538 /* jsexception.cpp in Sources */,
				AC1D4EDE1F4EB4640011B61F /* exc_bench.cpp in Sources */,
				AC1D4EE31F4EB6EB0011B61F /* err_extract.cpp in Sources */,
			);
			runOnlyForDeploymentPostprocessing = 0;
		};
/* End PBXSourcesBuildPhase section */

/* Begin XCBuildConfiguration section */
		ACA240931F4D503C009E3538 /* Debug */ = {
			isa = XCBuildConfiguration;
			buildSettings = {
				ALWAYS_SEARCH_USER_PATHS = NO;
				CLANG_ANALYZER_NONNULL = YES;
				CLANG_ANALYZER_NUMBER_OBJECT_CONVERSION = YES_AGGRESSIVE;
				CLANG_CXX_LANGUAGE_STANDARD = "gnu++0x";
				CLANG_CXX_LIBRARY = "libc++";
				CLANG_ENABLE_MODULES = YES;
				CLANG_ENABLE_OBJC_ARC = YES;
				CLANG_WARN_BOOL_CONVERSION = YES;
				CLANG_WARN_CONSTANT_CONVERSION = YES;
				CLANG_WARN_DIRECT_OBJC_ISA_USAGE = YES_ERROR;
				CLANG_WARN_DOCUMENTATION_COMMENTS = YES;
				CLANG_WARN_EMPTY_BODY = YES;
				CLANG_WARN_ENUM_CONVERSION = YES;
				CLANG_WARN_INFINITE_RECURSION = YES;
				CLANG_WARN_INT_CONVERSION = YES;
				CLANG_WARN_OBJC_ROOT_CLASS = YES_ERROR;
				CLANG_WARN_SUSPICIOUS_MOVE = YES;
				CLANG_WARN_UNREACHABLE_CODE = YES;
				CLANG_WARN__DUPLICATE_METHOD_MATCH = YES;
				CODE_SIGN_IDENTITY = "-";
				COPY_PHASE_STRIP = NO;
				DEBUG_INFORMATION_FORMAT = dwarf;
				ENABLE_STRICT_OBJC_MSGSEND = YES;
				ENABLE_TESTABILITY = YES;
				GCC_C_LANGUAGE_STANDARD = gnu99;
				GCC_DYNAMIC_NO_PIC = NO;
				GCC_NO_COMMON_BLOCKS = YES;
				GCC_OPTIMIZATION_LEVEL = 0;
				GCC_PREPROCESSOR_DEFINITIONS = (
					"DEBUG=1",
					"$(inherited)",
				);
				GCC_WARN_64_TO_32_BIT_CONVERSION = YES;
				GCC_WARN_ABOUT_RETURN_TYPE = YES_ERROR;
				GCC_WARN_UNDECLARED_SELECTOR = YES;
				GCC_WARN_UNINITIALIZED_AUTOS = YES_AGGRESSIVE;
				GCC_WARN_UNUSED_FUNCTION = YES;
				GCC_WARN_UNUSED_VARIABLE = YES;
				MACOSX_DEPLOYMENT_TARGET = 10.12;
				MTL_ENABLE_DEBUG_INFO = YES;
				ONLY_ACTIVE_ARCH = YES;
				SDKROOT = macosx;
			};
			name = Debug;
		};
		ACA240941F4D503C009E3538 /* Release */ = {
			isa = XCBuildConfiguration;
			buildSettings = {
				ALWAYS_SEARCH_USER_PATHS = NO;
				CLANG_ANALYZER_NONNULL = YES;
				CLANG_ANALYZER_NUMBER_OBJECT_CONVERSION = YES_AGGRESSIVE;
				CLANG_CXX_LANGUAGE_STANDARD = "gnu++0x";
				CLANG_CXX_LIBRARY = "libc++";
				CLANG_ENABLE_MODULES = YES;
				CLANG_ENABLE_OBJC_ARC = YES;
				CLANG_WARN_BOOL_CONVERSION = YES;
				CLANG_WARN_CONSTANT_CONVERSION = YES;
				CLANG_WARN_DIRECT_OBJC_ISA_USAGE = YES_ERROR;
				CLANG_WARN_DOCUMENTATION_COMMENTS = YES;
				CLANG_WARN_EMPTY_BODY = YES;
				CLANG_WARN_ENUM_CONVERSION = YES;
				CLANG_WARN_INFINITE_RECURSION = YES;
				CLANG_WARN_INT_CONVERSION = YES;
				CLANG_WARN_OBJC_ROOT_CLASS = YES_ERROR;
				CLANG_WARN_SUSPICIOUS_MOVE = YES;
				CLANG_WARN_UNREACHABLE_CODE = YES;
				CLANG_WARN__DUPLICATE_METHOD_MATCH = YES;
				CODE_SIGN_IDENTITY = "-";
				COPY_PHASE_STRIP = NO;
				DEBUG_INFORMATION_FORMAT = "dwarf-with-dsym";
				ENABLE_NS_ASSERTIONS = NO;
				ENABLE_STRICT_OBJC_MSGSEND = YES;
				GCC_C_LANGUAGE_STANDARD = gnu99;
				GCC_NO_COMMON_BLOCKS = YES;
				GCC_WARN_64_TO_32_BIT_CONVERSION = YES;
				GCC_WARN_ABOUT_RETURN_TYPE = YES_ERROR;
				GCC_WARN_UNDECLARED_SELECTOR = YES;
				GCC_WARN_UNINITIALIZED_AUTOS = YES_AGGRESSIVE;
				GCC_WARN_UNUSED_FUNCTION = YES;
				GCC_WARN_UNUSED_VARIABLE = YES;
				MACOSX_DEPLOYMENT_TARGET = 10.12;
				MTL_ENABLE_DEBUG_INFO = NO;
				SDKROOT = macosx;
			};
			name = Release;
		};
		ACA240961F4D503C009E3538 /* Debug */ = {
			isa = XCBuildConfiguration;
			buildSettings = {
				BUNDLE_LOADER = "";
				FRAMEWORK_SEARCH_PATHS = "";
				HEADER_SEARCH_PATHS = (
					"~/.cbdepscache/include/",
					"~/.cbdepscache/",
				);
				LIBRARY_SEARCH_PATHS = "~/.cbdepscache/lib/";
				OTHER_LDFLAGS = (
					"-lv8",
					"-lv8_libplatform",
					"-lv8_libbase",
					"-licui18n",
					"-licuuc",
					"-headerpad_max_install_names",
				);
				PRODUCT_NAME = "$(TARGET_NAME)";
				REZ_SEARCH_PATHS = "";
			};
			name = Debug;
		};
		ACA240971F4D503C009E3538 /* Release */ = {
			isa = XCBuildConfiguration;
			buildSettings = {
				BUNDLE_LOADER = "";
				FRAMEWORK_SEARCH_PATHS = "";
				HEADER_SEARCH_PATHS = (
					"~/.cbdepscache/include/",
					"~/.cbdepscache/",
				);
				LIBRARY_SEARCH_PATHS = "~/.cbdepscache/lib/";
				OTHER_LDFLAGS = (
					"-lv8",
					"-lv8_libplatform",
					"-lv8_libbase",
					"-licui18n",
					"-licuuc",
					"-headerpad_max_install_names",
				);
				PRODUCT_NAME = "$(TARGET_NAME)";
				REZ_SEARCH_PATHS = "";
			};
			name = Release;
		};
/* End XCBuildConfiguration section */

/* Begin XCConfigurationList section */
		ACA240891F4D503C009E3538 /* Build configuration list for PBXProject "v8proj" */ = {
			isa = XCConfigurationList;
			buildConfigurations = (
				ACA240931F4D503C009E3538 /* Debug */,
				ACA240941F4D503C009E3538 /* Release */,
			);
			defaultConfigurationIsVisible = 0;
			defaultConfigurationName = Release;
		};
		ACA240951F4D503C009E3538 /* Build configuration list for PBXNativeTarget "v8proj" */ = {
			isa = XCConfigurationList;
			buildConfigurations = (
				ACA240961F4D503C009E3538 /* Debug */,
				ACA240971F4D503C009E3538 /* Release */,
			);
			defaultConfigurationIsVisible = 0;
			defaultConfigurationName = Release;
		};
/* End XCConfigurationList section */
	};
	rootObject = ACA240861F4D503C009E3538 /* Project object */;
}
